PODS:
  - ArcGIS-Runtime-SDK-iOS (100.6.1)
  - Flutter (1.0.0)
  - flutter_arcgis_map (0.0.1):
    - ArcGIS-Runtime-SDK-iOS
    - Flutter

DEPENDENCIES:
  - ArcGIS-Runtime-SDK-iOS (~> 100.6.0)
  - Flutter (from `Flutter`)
  - flutter_arcgis_map (from `.symlinks/plugins/flutter_arcgis_map/ios`)

SPEC REPOS:
  trunk:
    - ArcGIS-Runtime-SDK-iOS

EXTERNAL SOURCES:
  Flutter:
    :path: Flutter
  flutter_arcgis_map:
    :path: ".symlinks/plugins/flutter_arcgis_map/ios"

SPEC CHECKSUMS:
  ArcGIS-Runtime-SDK-iOS: b691d73917635d8107c05b431d93ff304b3ffec3
  Flutter: 434fef37c0980e73bb6479ef766c45957d4b510c
  flutter_arcgis_map: b1401e7e3d7d1af042d6bcdcf1a5e56dcc327e94

PODFILE CHECKSUM: 3148ec95201312bcfce5d94d422084d2f017e2e6

COCOAPODS: 1.10.1
